
Microsoft Visual Studio Solution File, Format Version 12.00
# Visual Studio Version 17
VisualStudioVersion = 17.7.34031.279
MinimumVisualStudioVersion = 10.0.40219.1
Project("{FAE04EC0-301F-11D3-BF4B-00C04F79EFBC}") = "lab 3-3.Fomichev", "lab 3-3.Fomichev\lab 3-3.Fomichev.csproj", "{4C29C182-C18A-4295-86D8-E73CA27E8D70}"
EndProject
Global
	GlobalSection(SolutionConfigurationPlatforms) = preSolution
		Debug|Any CPU = Debug|Any CPU
		Release|Any CPU = Release|Any CPU
	EndGlobalSection
	GlobalSection(ProjectConfigurationPlatforms) = postSolution
		{4C29C182-C18A-4295-86D8-E73CA27E8D70}.Debug|Any CPU.ActiveCfg = Debug|Any CPU
		{4C29C182-C18A-4295-86D8-E73CA27E8D70}.Debug|Any CPU.Build.0 = Debug|Any CPU
		{4C29C182-C18A-4295-86D8-E73CA27E8D70}.Release|Any CPU.ActiveCfg = Release|Any CPU
		{4C29C182-C18A-4295-86D8-E73CA27E8D70}.Release|Any CPU.Build.0 = Release|Any CPU
	EndGlobalSection
	GlobalSection(SolutionProperties) = preSolution
		HideSolutionNode = FALSE
	EndGlobalSection
	GlobalSection(ExtensibilityGlobals) = postSolution
		SolutionGuid = {D7B2A18D-FA2C-4AD6-9FE6-5CDFFF5E1956}
	EndGlobalSection
EndGlobal
